// !$*UTF8*$!
{
	archiveVersion = 1;
	classes = {
	};
	objectVersion = 46;
	objects = {

/* Begin PBXBuildFile section */
		3108F8BE1DAD7AC60074DB75 /* VideoTableCell.swift in Sources */ = {isa = PBXBuildFile; fileRef = 3108F8BD1DAD7AC60074DB75 /* VideoTableCell.swift */; };
		315C3E481DAD723500AAEC9D /* VideosTableViewController.swift in Sources */ = {isa = PBXBuildFile; fileRef = 315C3E471DAD723500AAEC9D /* VideosTableViewController.swift */; };
		31E37E701D9F1EFB00DB93B7 /* AppDelegate.swift in Sources */ = {isa = PBXBuildFile; fileRef = 31E37E6F1D9F1EFB00DB93B7 /* AppDelegate.swift */; };
		31E37E721D9F1EFB00DB93B7 /* ViewController.swift in Sources */ = {isa = PBXBuildFile; fileRef = 31E37E711D9F1EFB00DB93B7 /* ViewController.swift */; };
		31E37E751D9F1EFB00DB93B7 /* Main.storyboard in Resources */ = {isa = PBXBuildFile; fileRef = 31E37E731D9F1EFB00DB93B7 /* Main.storyboard */; };
		31E37E781D9F1EFB00DB93B7 /* HotShot.xcdatamodeld in Sources */ = {isa = PBXBuildFile; fileRef = 31E37E761D9F1EFB00DB93B7 /* HotShot.xcdatamodeld */; };
		31E37E7A1D9F1EFB00DB93B7 /* Assets.xcassets in Resources */ = {isa = PBXBuildFile; fileRef = 31E37E791D9F1EFB00DB93B7 /* Assets.xcassets */; };
		31E37E7D1D9F1EFB00DB93B7 /* LaunchScreen.storyboard in Resources */ = {isa = PBXBuildFile; fileRef = 31E37E7B1D9F1EFB00DB93B7 /* LaunchScreen.storyboard */; };
		6E7D66938A15F1BD78B03262 /* Pods_HotShot.framework in Frameworks */ = {isa = PBXBuildFile; fileRef = FBC2B0C0F745DB2E9FF2C33C /* Pods_HotShot.framework */; };
/* End PBXBuildFile section */

/* Begin PBXFileReference section */
		142D838EBA56A56256358339 /* Pods-HotShot.release.xcconfig */ = {isa = PBXFileReference; includeInIndex = 1; lastKnownFileType = text.xcconfig; name = "Pods-HotShot.release.xcconfig"; path = "Pods/Target Support Files/Pods-HotShot/Pods-HotShot.release.xcconfig"; sourceTree = "<group>"; };
		3108F8BD1DAD7AC60074DB75 /* VideoTableCell.swift */ = {isa = PBXFileReference; fileEncoding = 4; lastKnownFileType = sourcecode.swift; path = VideoTableCell.swift; sourceTree = "<group>"; };
		315C3E471DAD723500AAEC9D /* VideosTableViewController.swift */ = {isa = PBXFileReference; fileEncoding = 4; lastKnownFileType = sourcecode.swift; path = VideosTableViewController.swift; sourceTree = "<group>"; };
		31E37E6C1D9F1EFB00DB93B7 /* HotShot.app */ = {isa = PBXFileReference; explicitFileType = wrapper.application; includeInIndex = 0; path = HotShot.app; sourceTree = BUILT_PRODUCTS_DIR; };
		31E37E6F1D9F1EFB00DB93B7 /* AppDelegate.swift */ = {isa = PBXFileReference; lastKnownFileType = sourcecode.swift; path = AppDelegate.swift; sourceTree = "<group>"; };
		31E37E711D9F1EFB00DB93B7 /* ViewController.swift */ = {isa = PBXFileReference; lastKnownFileType = sourcecode.swift; path = ViewController.swift; sourceTree = "<group>"; };
		31E37E741D9F1EFB00DB93B7 /* Base */ = {isa = PBXFileReference; lastKnownFileType = file.storyboard; name = Base; path = Base.lproj/Main.storyboard; sourceTree = "<group>"; };
		31E37E771D9F1EFB00DB93B7 /* HotShot.xcdatamodel */ = {isa = PBXFileReference; lastKnownFileType = wrapper.xcdatamodel; path = HotShot.xcdatamodel; sourceTree = "<group>"; };
		31E37E791D9F1EFB00DB93B7 /* Assets.xcassets */ = {isa = PBXFileReference; lastKnownFileType = folder.assetcatalog; path = Assets.xcassets; sourceTree = "<group>"; };
		31E37E7C1D9F1EFB00DB93B7 /* Base */ = {isa = PBXFileReference; lastKnownFileType = file.storyboard; name = Base; path = Base.lproj/LaunchScreen.storyboard; sourceTree = "<group>"; };
		31E37E7E1D9F1EFB00DB93B7 /* Info.plist */ = {isa = PBXFileReference; lastKnownFileType = text.plist.xml; path = Info.plist; sourceTree = "<group>"; };
		5EE6596B4D0C3F6189011239 /* Pods-HotShot.debug.xcconfig */ = {isa = PBXFileReference; includeInIndex = 1; lastKnownFileType = text.xcconfig; name = "Pods-HotShot.debug.xcconfig"; path = "Pods/Target Support Files/Pods-HotShot/Pods-HotShot.debug.xcconfig"; sourceTree = "<group>"; };
		FBC2B0C0F745DB2E9FF2C33C /* Pods_HotShot.framework */ = {isa = PBXFileReference; explicitFileType = wrapper.framework; includeInIndex = 0; path = Pods_HotShot.framework; sourceTree = BUILT_PRODUCTS_DIR; };
/* End PBXFileReference section */

/* Begin PBXFrameworksBuildPhase section */
		31E37E691D9F1EFB00DB93B7 /* Frameworks */ = {
			isa = PBXFrameworksBuildPhase;
			buildActionMask = 2147483647;
			files = (
				6E7D66938A15F1BD78B03262 /* Pods_HotShot.framework in Frameworks */,
			);
			runOnlyForDeploymentPostprocessing = 0;
		};
/* End PBXFrameworksBuildPhase section */

/* Begin PBXGroup section */
		0CF9E209493A5994481EBCC7 /* Frameworks */ = {
			isa = PBXGroup;
			children = (
				FBC2B0C0F745DB2E9FF2C33C /* Pods_HotShot.framework */,
			);
			name = Frameworks;
			sourceTree = "<group>";
		};
		31E37E631D9F1EFB00DB93B7 = {
			isa = PBXGroup;
			children = (
				31E37E6E1D9F1EFB00DB93B7 /* HotShot */,
				31E37E6D1D9F1EFB00DB93B7 /* Products */,
				4DCDA896D7095A48E6BC41CD /* Pods */,
				0CF9E209493A5994481EBCC7 /* Frameworks */,
			);
			sourceTree = "<group>";
		};
		31E37E6D1D9F1EFB00DB93B7 /* Products */ = {
			isa = PBXGroup;
			children = (
				31E37E6C1D9F1EFB00DB93B7 /* HotShot.app */,
			);
			name = Products;
			sourceTree = "<group>";
		};
		31E37E6E1D9F1EFB00DB93B7 /* HotShot */ = {
			isa = PBXGroup;
			children = (
				31E37E6F1D9F1EFB00DB93B7 /* AppDelegate.swift */,
				31E37E711D9F1EFB00DB93B7 /* ViewController.swift */,
				315C3E471DAD723500AAEC9D /* VideosTableViewController.swift */,
				31E37E731D9F1EFB00DB93B7 /* Main.storyboard */,
				3108F8BD1DAD7AC60074DB75 /* VideoTableCell.swift */,
				31E37E791D9F1EFB00DB93B7 /* Assets.xcassets */,
				31E37E7B1D9F1EFB00DB93B7 /* LaunchScreen.storyboard */,
				31E37E7E1D9F1EFB00DB93B7 /* Info.plist */,
				31E37E761D9F1EFB00DB93B7 /* HotShot.xcdatamodeld */,
			);
			path = HotShot;
			sourceTree = "<group>";
		};
		4DCDA896D7095A48E6BC41CD /* Pods */ = {
			isa = PBXGroup;
			children = (
				5EE6596B4D0C3F6189011239 /* Pods-HotShot.debug.xcconfig */,
				142D838EBA56A56256358339 /* Pods-HotShot.release.xcconfig */,
			);
			name = Pods;
			sourceTree = "<group>";
		};
/* End PBXGroup section */

/* Begin PBXNativeTarget section */
		31E37E6B1D9F1EFB00DB93B7 /* HotShot */ = {
			isa = PBXNativeTarget;
			buildConfigurationList = 31E37E811D9F1EFB00DB93B7 /* Build configuration list for PBXNativeTarget "HotShot" */;
			buildPhases = (
				905DDEC34B62634974DA70B0 /* Check Pods Manifest.lock */,
				31E37E681D9F1EFB00DB93B7 /* Sources */,
				31E37E691D9F1EFB00DB93B7 /* Frameworks */,
				31E37E6A1D9F1EFB00DB93B7 /* Resources */,
				02E8961834E0BAA7690DD640 /* Embed Pods Frameworks */,
				DD04E10AB4D4970432EF4C82 /* Copy Pods Resources */,
			);
			buildRules = (
			);
			dependencies = (
			);
			name = HotShot;
			productName = HotShot;
			productReference = 31E37E6C1D9F1EFB00DB93B7 /* HotShot.app */;
			productType = "com.apple.product-type.application";
		};
/* End PBXNativeTarget section */

/* Begin PBXProject section */
		31E37E641D9F1EFB00DB93B7 /* Project object */ = {
			isa = PBXProject;
			attributes = {
				LastSwiftUpdateCheck = 0730;
				LastUpgradeCheck = 0810;
				ORGANIZATIONNAME = Jerry;
				TargetAttributes = {
					31E37E6B1D9F1EFB00DB93B7 = {
						CreatedOnToolsVersion = 7.3.1;
						DevelopmentTeam = BFSG8QA8PX;
						LastSwiftMigration = 0810;
					};
				};
			};
			buildConfigurationList = 31E37E671D9F1EFB00DB93B7 /* Build configuration list for PBXProject "HotShot" */;
			compatibilityVersion = "Xcode 3.2";
			developmentRegion = English;
			hasScannedForEncodings = 0;
			knownRegions = (
				en,
				Base,
			);
			mainGroup = 31E37E631D9F1EFB00DB93B7;
			productRefGroup = 31E37E6D1D9F1EFB00DB93B7 /* Products */;
			projectDirPath = "";
			projectRoot = "";
			targets = (
				31E37E6B1D9F1EFB00DB93B7 /* HotShot */,
			);
		};
/* End PBXProject section */

/* Begin PBXResourcesBuildPhase section */
		31E37E6A1D9F1EFB00DB93B7 /* Resources */ = {
			isa = PBXResourcesBuildPhase;
			buildActionMask = 2147483647;
			files = (
				31E37E7D1D9F1EFB00DB93B7 /* LaunchScreen.storyboard in Resources */,
				31E37E7A1D9F1EFB00DB93B7 /* Assets.xcassets in Resources */,
				31E37E751D9F1EFB00DB93B7 /* Main.storyboard in Resources */,
			);
			runOnlyForDeploymentPostprocessing = 0;
		};
/* End PBXResourcesBuildPhase section */

/* Begin PBXShellScriptBuildPhase section */
		02E8961834E0BAA7690DD640 /* Embed Pods Frameworks */ = {
			isa = PBXShellScriptBuildPhase;
			buildActionMask = 2147483647;
			files = (
			);
			inputPaths = (
			);
			name = "Embed Pods Frameworks";
			outputPaths = (
			);
			runOnlyForDeploymentPostprocessing = 0;
			shellPath = /bin/sh;
			shellScript = "\"${SRCROOT}/Pods/Target Support Files/Pods-HotShot/Pods-HotShot-frameworks.sh\"\n";
			showEnvVarsInLog = 0;
		};
		905DDEC34B62634974DA70B0 /* Check Pods Manifest.lock */ = {
			isa = PBXShellScriptBuildPhase;
			buildActionMask = 2147483647;
			files = (
			);
			inputPaths = (
			);
			name = "Check Pods Manifest.lock";
			outputPaths = (
			);
			runOnlyForDeploymentPostprocessing = 0;
			shellPath = /bin/sh;
			shellScript = "diff \"${PODS_ROOT}/../Podfile.lock\" \"${PODS_ROOT}/Manifest.lock\" > /dev/null\nif [[ $? != 0 ]] ; then\n    cat << EOM\nerror: The sandbox is not in sync with the Podfile.lock. Run 'pod install' or update your CocoaPods installation.\nEOM\n    exit 1\nfi\n";
			showEnvVarsInLog = 0;
		};
		DD04E10AB4D4970432EF4C82 /* Copy Pods Resources */ = {
			isa = PBXShellScriptBuildPhase;
			buildActionMask = 2147483647;
			files = (
			);
			inputPaths = (
			);
			name = "Copy Pods Resources";
			outputPaths = (
			);
			runOnlyForDeploymentPostprocessing = 0;
			shellPath = /bin/sh;
			shellScript = "\"${SRCROOT}/Pods/Target Support Files/Pods-HotShot/Pods-HotShot-resources.sh\"\n";
			showEnvVarsInLog = 0;
		};
/* End PBXShellScriptBuildPhase section */

/* Begin PBXSourcesBuildPhase section */
		31E37E681D9F1EFB00DB93B7 /* Sources */ = {
			isa = PBXSourcesBuildPhase;
			buildActionMask = 2147483647;
			files = (
				31E37E721D9F1EFB00DB93B7 /* ViewController.swift in Sources */,
				31E37E701D9F1EFB00DB93B7 /* AppDelegate.swift in Sources */,
				3108F8BE1DAD7AC60074DB75 /* VideoTableCell.swift in Sources */,
				31E37E781D9F1EFB00DB93B7 /* HotShot.xcdatamodeld in Sources */,
				315C3E481DAD723500AAEC9D /* VideosTableViewController.swift in Sources */,
			);
			runOnlyForDeploymentPostprocessing = 0;
		};
/* End PBXSourcesBuildPhase section */

/* Begin PBXVariantGroup section */
		31E37E731D9F1EFB00DB93B7 /* Main.storyboard */ = {
			isa = PBXVariantGroup;
			children = (
				31E37E741D9F1EFB00DB93B7 /* Base */,
			);
			name = Main.storyboard;
			sourceTree = "<group>";
		};
		31E37E7B1D9F1EFB00DB93B7 /* LaunchScreen.storyboard */ = {
			isa = PBXVariantGroup;
			children = (
				31E37E7C1D9F1EFB00DB93B7 /* Base */,
			);
			name = LaunchScreen.storyboard;
			sourceTree = "<group>";
		};
/* End PBXVariantGroup section */

/* Begin XCBuildConfiguration section */
		31E37E7F1D9F1EFB00DB93B7 /* Debug */ = {
			isa = XCBuildConfiguration;
			buildSettings = {
				ALWAYS_SEARCH_USER_PATHS = NO;
				CLANG_ANALYZER_NONNULL = YES;
				CLANG_CXX_LANGUAGE_STANDARD = "gnu++0x";
				CLANG_CXX_LIBRARY = "libc++";
				CLANG_ENABLE_MODULES = YES;
				CLANG_ENABLE_OBJC_ARC = YES;
				CLANG_WARN_BOOL_CONVERSION = YES;
				CLANG_WARN_CONSTANT_CONVERSION = YES;
				CLANG_WARN_DIRECT_OBJC_ISA_USAGE = YES_ERROR;
				CLANG_WARN_EMPTY_BODY = YES;
				CLANG_WARN_ENUM_CONVERSION = YES;
				CLANG_WARN_INFINITE_RECURSION = YES;
				CLANG_WARN_INT_CONVERSION = YES;
				CLANG_WARN_OBJC_ROOT_CLASS = YES_ERROR;
				CLANG_WARN_SUSPICIOUS_MOVE = YES;
				CLANG_WARN_UNREACHABLE_CODE = YES;
				CLANG_WARN__DUPLICATE_METHOD_MATCH = YES;
				"CODE_SIGN_IDENTITY[sdk=iphoneos*]" = "iPhone Developer";
				COPY_PHASE_STRIP = NO;
				DEBUG_INFORMATION_FORMAT = dwarf;
				ENABLE_STRICT_OBJC_MSGSEND = YES;
				ENABLE_TESTABILITY = YES;
				GCC_C_LANGUAGE_STANDARD = gnu99;
				GCC_DYNAMIC_NO_PIC = NO;
				GCC_NO_COMMON_BLOCKS = YES;
				GCC_OPTIMIZATION_LEVEL = 0;
				GCC_PREPROCESSOR_DEFINITIONS = (
					"DEBUG=1",
					"$(inherited)",
				);
				GCC_WARN_64_TO_32_BIT_CONVERSION = YES;
				GCC_WARN_ABOUT_RETURN_TYPE = YES_ERROR;
				GCC_WARN_UNDECLARED_SELECTOR = YES;
				GCC_WARN_UNINITIALIZED_AUTOS = YES_AGGRESSIVE;
				GCC_WARN_UNUSED_FUNCTION = YES;
				GCC_WARN_UNUSED_VARIABLE = YES;
				IPHONEOS_DEPLOYMENT_TARGET = 9.3;
				MTL_ENABLE_DEBUG_INFO = YES;
				ONLY_ACTIVE_ARCH = YES;
				SDKROOT = iphoneos;
				SWIFT_OPTIMIZATION_LEVEL = "-Onone";
			};
			name = Debug;
		};
		31E37E801D9F1EFB00DB93B7 /* Release */ = {
			isa = XCBuildConfiguration;
			buildSettings = {
				ALWAYS_SEARCH_USER_PATHS = NO;
				CLANG_ANALYZER_NONNULL = YES;
				CLANG_CXX_LANGUAGE_STANDARD = "gnu++0x";
				CLANG_CXX_LIBRARY = "libc++";
				CLANG_ENABLE_MODULES = YES;
				CLANG_ENABLE_OBJC_ARC = YES;
				CLANG_WARN_BOOL_CONVERSION = YES;
				CLANG_WARN_CONSTANT_CONVERSION = YES;
				CLANG_WARN_DIRECT_OBJC_ISA_USAGE = YES_ERROR;
				CLANG_WARN_EMPTY_BODY = YES;
				CLANG_WARN_ENUM_CONVERSION = YES;
				CLANG_WARN_INFINITE_RECURSION = YES;
				CLANG_WARN_INT_CONVERSION = YES;
				CLANG_WARN_OBJC_ROOT_CLASS = YES_ERROR;
				CLANG_WARN_SUSPICIOUS_MOVE = YES;
				CLANG_WARN_UNREACHABLE_CODE = YES;
				CLANG_WARN__DUPLICATE_METHOD_MATCH = YES;
				"CODE_SIGN_IDENTITY[sdk=iphoneos*]" = "iPhone Developer";
				COPY_PHASE_STRIP = NO;
				DEBUG_INFORMATION_FORMAT = "dwarf-with-dsym";
				ENABLE_NS_ASSERTIONS = NO;
				ENABLE_STRICT_OBJC_MSGSEND = YES;
				GCC_C_LANGUAGE_STANDARD = gnu99;
				GCC_NO_COMMON_BLOCKS = YES;
				GCC_WARN_64_TO_32_BIT_CONVERSION = YES;
				GCC_WARN_ABOUT_RETURN_TYPE = YES_ERROR;
				GCC_WARN_UNDECLARED_SELECTOR = YES;
				GCC_WARN_UNINITIALIZED_AUTOS = YES_AGGRESSIVE;
				GCC_WARN_UNUSED_FUNCTION = YES;
				GCC_WARN_UNUSED_VARIABLE = YES;
				IPHONEOS_DEPLOYMENT_TARGET = 9.3;
				MTL_ENABLE_DEBUG_INFO = NO;
				SDKROOT = iphoneos;
				SWIFT_OPTIMIZATION_LEVEL = "-Owholemodule";
				VALIDATE_PRODUCT = YES;
			};
			name = Release;
		};
		31E37E821D9F1EFB00DB93B7 /* Debug */ = {
			isa = XCBuildConfiguration;
			baseConfigurationReference = 5EE6596B4D0C3F6189011239 /* Pods-HotShot.debug.xcconfig */;
			buildSettings = {
				ALWAYS_EMBED_SWIFT_STANDARD_LIBRARIES = YES;
				ASSETCATALOG_COMPILER_APPICON_NAME = AppIcon;
				DEVELOPMENT_TEAM = BFSG8QA8PX;
				INFOPLIST_FILE = HotShot/Info.plist;
				LD_RUNPATH_SEARCH_PATHS = "$(inherited) @executable_path/Frameworks";
				PRODUCT_BUNDLE_IDENTIFIER = com.jerrypon.HotShot;
				PRODUCT_NAME = "$(TARGET_NAME)";
				SWIFT_VERSION = 3.0;
			};
			name = Debug;
		};
		31E37E831D9F1EFB00DB93B7 /* Release */ = {
			isa = XCBuildConfiguration;
			baseConfigurationReference = 142D838EBA56A56256358339 /* Pods-HotShot.release.xcconfig */;
			buildSettings = {
				ALWAYS_EMBED_SWIFT_STANDARD_LIBRARIES = YES;
				ASSETCATALOG_COMPILER_APPICON_NAME = AppIcon;
				DEVELOPMENT_TEAM = BFSG8QA8PX;
				INFOPLIST_FILE = HotShot/Info.plist;
				LD_RUNPATH_SEARCH_PATHS = "$(inherited) @executable_path/Frameworks";
				PRODUCT_BUNDLE_IDENTIFIER = com.jerrypon.HotShot;
				PRODUCT_NAME = "$(TARGET_NAME)";
				SWIFT_VERSION = 3.0;
			};
			name = Release;
		};
/* End XCBuildConfiguration section */

/* Begin XCConfigurationList section */
		31E37E671D9F1EFB00DB93B7 /* Build configuration list for PBXProject "HotShot" */ = {
			isa = XCConfigurationList;
			buildConfigurations = (
				31E37E7F1D9F1EFB00DB93B7 /* Debug */,
				31E37E801D9F1EFB00DB93B7 /* Release */,
			);
			defaultConfigurationIsVisible = 0;
			defaultConfigurationName = Release;
		};
		31E37E811D9F1EFB00DB93B7 /* Build configuration list for PBXNativeTarget "HotShot" */ = {
			isa = XCConfigurationList;
			buildConfigurations = (
				31E37E821D9F1EFB00DB93B7 /* Debug */,
				31E37E831D9F1EFB00DB93B7 /* Release */,
			);
			defaultConfigurationIsVisible = 0;
			defaultConfigurationName = Release;
		};
/* End XCConfigurationList section */

/* Begin XCVersionGroup section */
		31E37E761D9F1EFB00DB93B7 /* HotShot.xcdatamodeld */ = {
			isa = XCVersionGroup;
			children = (
				31E37E771D9F1EFB00DB93B7 /* HotShot.xcdatamodel */,
			);
			currentVersion = 31E37E771D9F1EFB00DB93B7 /* HotShot.xcdatamodel */;
			path = HotShot.xcdatamodeld;
			sourceTree = "<group>";
			versionGroupType = wrapper.xcdatamodel;
		};
/* End XCVersionGroup section */
	};
	rootObject = 31E37E641D9F1EFB00DB93B7 /* Project object */;
}
